
Microsoft Visual Studio Solution File, Format Version 12.00
# Visual Studio Version 17
VisualStudioVersion = 17.14.36414.22 d17.14
MinimumVisualStudioVersion = 10.0.40219.1
Project("{FAE04EC0-301F-11D3-BF4B-00C04F79EFBC}") = "CADS_LW1", "CADS_LW1\CADS_LW1.csproj", "{2EE1BEAC-8F00-4F26-B76B-E17395EE99E5}"
EndProject
Global
	GlobalSection(SolutionConfigurationPlatforms) = preSolution
		Debug|Any CPU = Debug|Any CPU
		Release|Any CPU = Release|Any CPU
	EndGlobalSection
	GlobalSection(ProjectConfigurationPlatforms) = postSolution
		{2EE1BEAC-8F00-4F26-B76B-E17395EE99E5}.Debug|Any CPU.ActiveCfg = Debug|Any CPU
		{2EE1BEAC-8F00-4F26-B76B-E17395EE99E5}.Debug|Any CPU.Build.0 = Debug|Any CPU
		{2EE1BEAC-8F00-4F26-B76B-E17395EE99E5}.Release|Any CPU.ActiveCfg = Release|Any CPU
		{2EE1BEAC-8F00-4F26-B76B-E17395EE99E5}.Release|Any CPU.Build.0 = Release|Any CPU
	EndGlobalSection
	GlobalSection(SolutionProperties) = preSolution
		HideSolutionNode = FALSE
	EndGlobalSection
	GlobalSection(ExtensibilityGlobals) = postSolution
		SolutionGuid = {C8DD02EB-1CF0-4032-8D0D-D0568C425D09}
	EndGlobalSection
EndGlobal
